
Microsoft Visual Studio Solution File, Format Version 12.00
# Visual Studio Version 17
VisualStudioVersion = 17.5.33424.131
MinimumVisualStudioVersion = 10.0.40219.1
Project("{8BC9CEB8-8B4A-11D0-8D11-00A0C91BC942}") = "StudyClient", "StudyClient\StudyClient.vcxproj", "{A7A416F3-32A1-4EC1-91AE-41F63EB6AAC1}"
EndProject
Global
	GlobalSection(SolutionConfigurationPlatforms) = preSolution
		Debug|x64 = Debug|x64
		Debug|x86 = Debug|x86
		Release|x64 = Release|x64
		Release|x86 = Release|x86
	EndGlobalSection
	GlobalSection(ProjectConfigurationPlatforms) = postSolution
		{A7A416F3-32A1-4EC1-91AE-41F63EB6AAC1}.Debug|x64.ActiveCfg = Debug|x64
		{A7A416F3-32A1-4EC1-91AE-41F63EB6AAC1}.Debug|x64.Build.0 = Debug|x64
		{A7A416F3-32A1-4EC1-91AE-41F63EB6AAC1}.Debug|x86.ActiveCfg = Debug|Win32
		{A7A416F3-32A1-4EC1-91AE-41F63EB6AAC1}.Debug|x86.Build.0 = Debug|Win32
		{A7A416F3-32A1-4EC1-91AE-41F63EB6AAC1}.Release|x64.ActiveCfg = Release|x64
		{A7A416F3-32A1-4EC1-91AE-41F63EB6AAC1}.Release|x64.Build.0 = Release|x64
		{A7A416F3-32A1-4EC1-91AE-41F63EB6AAC1}.Release|x86.ActiveCfg = Release|Win32
		{A7A416F3-32A1-4EC1-91AE-41F63EB6AAC1}.Release|x86.Build.0 = Release|Win32
	EndGlobalSection
	GlobalSection(SolutionProperties) = preSolution
		HideSolutionNode = FALSE
	EndGlobalSection
	GlobalSection(ExtensibilityGlobals) = postSolution
		SolutionGuid = {46AFB74E-6D72-4133-8A1B-4A81C7383F97}
	EndGlobalSection
EndGlobal
